
Microsoft Visual Studio Solution File, Format Version 12.00
Project("{FAE04EC0-301F-11D3-BF4B-00C04F79EFBC}") = "TheAirBlow.Skysmart.Application", "TheAirBlow.Skysmart.Application\TheAirBlow.Skysmart.Application.csproj", "{707CBC84-5DBA-4BD6-91EA-5003BF8D45CF}"
EndProject
Global
	GlobalSection(SolutionConfigurationPlatforms) = preSolution
		Debug|Any CPU = Debug|Any CPU
		Release|Any CPU = Release|Any CPU
	EndGlobalSection
	GlobalSection(ProjectConfigurationPlatforms) = postSolution
		{707CBC84-5DBA-4BD6-91EA-5003BF8D45CF}.Debug|Any CPU.ActiveCfg = Debug|Any CPU
		{707CBC84-5DBA-4BD6-91EA-5003BF8D45CF}.Debug|Any CPU.Build.0 = Debug|Any CPU
		{707CBC84-5DBA-4BD6-91EA-5003BF8D45CF}.Release|Any CPU.ActiveCfg = Release|Any CPU
		{707CBC84-5DBA-4BD6-91EA-5003BF8D45CF}.Release|Any CPU.Build.0 = Release|Any CPU
	EndGlobalSection
EndGlobal
